
Microsoft Visual Studio Solution File, Format Version 12.00
# Visual Studio Version 17
Project("{8BC9CEB8-8B4A-11D0-8D11-00A0C91BC942}") = "ALL_BUILD", "ALL_BUILD.vcxproj", "{F13A559D-3C22-3684-8629-7BE203AA9ADD}"
	ProjectSection(ProjectDependencies) = postProject
		{88DCB1A4-E045-398E-9CA3-697EBB8375CD} = {88DCB1A4-E045-398E-9CA3-697EBB8375CD}
		{D668B0FB-6CB7-36B8-83FF-9762D9ECCEDB} = {D668B0FB-6CB7-36B8-83FF-9762D9ECCEDB}
		{119ACCBC-3439-31C1-B898-7A6B20E6F53B} = {119ACCBC-3439-31C1-B898-7A6B20E6F53B}
		{2136B69A-99D3-3329-903F-779BCDC5CB3A} = {2136B69A-99D3-3329-903F-779BCDC5CB3A}
		{F1DB8658-70B9-3D1A-B5E6-B1BB0C7E1E98} = {F1DB8658-70B9-3D1A-B5E6-B1BB0C7E1E98}
		{DBCC29AE-38D0-39DE-9FF6-860858F2134C} = {DBCC29AE-38D0-39DE-9FF6-860858F2134C}
		{D32E7E4A-B300-3185-9F8C-53D1E092C0C8} = {D32E7E4A-B300-3185-9F8C-53D1E092C0C8}
		{3F7CEA56-1016-379D-8F7D-9DAAF37C355A} = {3F7CEA56-1016-379D-8F7D-9DAAF37C355A}
		{45F78EE3-2154-3CF1-97D3-6F410D70A0E1} = {45F78EE3-2154-3CF1-97D3-6F410D70A0E1}
	EndProjectSection
EndProject
Project("{8BC9CEB8-8B4A-11D0-8D11-00A0C91BC942}") = "INSTALL", "INSTALL.vcxproj", "{A99CA665-EE74-3F25-B041-65AE3BEC1A1A}"
	ProjectSection(ProjectDependencies) = postProject
		{F13A559D-3C22-3684-8629-7BE203AA9ADD} = {F13A559D-3C22-3684-8629-7BE203AA9ADD}
		{88DCB1A4-E045-398E-9CA3-697EBB8375CD} = {88DCB1A4-E045-398E-9CA3-697EBB8375CD}
	EndProjectSection
EndProject
Project("{8BC9CEB8-8B4A-11D0-8D11-00A0C91BC942}") = "RUN_TESTS", "RUN_TESTS.vcxproj", "{458310FD-903A-3992-83C6-988FC4A38CC8}"
	ProjectSection(ProjectDependencies) = postProject
		{88DCB1A4-E045-398E-9CA3-697EBB8375CD} = {88DCB1A4-E045-398E-9CA3-697EBB8375CD}
	EndProjectSection
EndProject
Project("{8BC9CEB8-8B4A-11D0-8D11-00A0C91BC942}") = "ZERO_CHECK", "ZERO_CHECK.vcxproj", "{88DCB1A4-E045-398E-9CA3-697EBB8375CD}"
	ProjectSection(ProjectDependencies) = postProject
	EndProjectSection
EndProject
Project("{8BC9CEB8-8B4A-11D0-8D11-00A0C91BC942}") = "gmock", "_deps\googletest-build\googlemock\gmock.vcxproj", "{D668B0FB-6CB7-36B8-83FF-9762D9ECCEDB}"
	ProjectSection(ProjectDependencies) = postProject
		{88DCB1A4-E045-398E-9CA3-697EBB8375CD} = {88DCB1A4-E045-398E-9CA3-697EBB8375CD}
	EndProjectSection
EndProject
Project("{8BC9CEB8-8B4A-11D0-8D11-00A0C91BC942}") = "gmock_main", "_deps\googletest-build\googlemock\gmock_main.vcxproj", "{119ACCBC-3439-31C1-B898-7A6B20E6F53B}"
	ProjectSection(ProjectDependencies) = postProject
		{88DCB1A4-E045-398E-9CA3-697EBB8375CD} = {88DCB1A4-E045-398E-9CA3-697EBB8375CD}
	EndProjectSection
EndProject
Project("{8BC9CEB8-8B4A-11D0-8D11-00A0C91BC942}") = "gtest", "_deps\googletest-build\googletest\gtest.vcxproj", "{2136B69A-99D3-3329-903F-779BCDC5CB3A}"
	ProjectSection(ProjectDependencies) = postProject
		{88DCB1A4-E045-398E-9CA3-697EBB8375CD} = {88DCB1A4-E045-398E-9CA3-697EBB8375CD}
	EndProjectSection
EndProject
Project("{8BC9CEB8-8B4A-11D0-8D11-00A0C91BC942}") = "gtest_main", "_deps\googletest-build\googletest\gtest_main.vcxproj", "{F1DB8658-70B9-3D1A-B5E6-B1BB0C7E1E98}"
	ProjectSection(ProjectDependencies) = postProject
		{88DCB1A4-E045-398E-9CA3-697EBB8375CD} = {88DCB1A4-E045-398E-9CA3-697EBB8375CD}
		{2136B69A-99D3-3329-903F-779BCDC5CB3A} = {2136B69A-99D3-3329-903F-779BCDC5CB3A}
	EndProjectSection
EndProject
Project("{8BC9CEB8-8B4A-11D0-8D11-00A0C91BC942}") = "prop_ring_buffer", "test\prop_ring_buffer.vcxproj", "{DBCC29AE-38D0-39DE-9FF6-860858F2134C}"
	ProjectSection(ProjectDependencies) = postProject
		{88DCB1A4-E045-398E-9CA3-697EBB8375CD} = {88DCB1A4-E045-398E-9CA3-697EBB8375CD}
		{2136B69A-99D3-3329-903F-779BCDC5CB3A} = {2136B69A-99D3-3329-903F-779BCDC5CB3A}
		{F1DB8658-70B9-3D1A-B5E6-B1BB0C7E1E98} = {F1DB8658-70B9-3D1A-B5E6-B1BB0C7E1E98}
		{D32E7E4A-B300-3185-9F8C-53D1E092C0C8} = {D32E7E4A-B300-3185-9F8C-53D1E092C0C8}
	EndProjectSection
EndProject
Project("{8BC9CEB8-8B4A-11D0-8D11-00A0C91BC942}") = "rapidcheck", "_deps\rapidcheck-build\rapidcheck.vcxproj", "{D32E7E4A-B300-3185-9F8C-53D1E092C0C8}"
	ProjectSection(ProjectDependencies) = postProject
		{88DCB1A4-E045-398E-9CA3-697EBB8375CD} = {88DCB1A4-E045-398E-9CA3-697EBB8375CD}
	EndProjectSection
EndProject
Project("{8BC9CEB8-8B4A-11D0-8D11-00A0C91BC942}") = "test_ring_buffer", "test\test_ring_buffer.vcxproj", "{3F7CEA56-1016-379D-8F7D-9DAAF37C355A}"
	ProjectSection(ProjectDependencies) = postProject
		{88DCB1A4-E045-398E-9CA3-697EBB8375CD} = {88DCB1A4-E045-398E-9CA3-697EBB8375CD}
		{2136B69A-99D3-3329-903F-779BCDC5CB3A} = {2136B69A-99D3-3329-903F-779BCDC5CB3A}
		{F1DB8658-70B9-3D1A-B5E6-B1BB0C7E1E98} = {F1DB8658-70B9-3D1A-B5E6-B1BB0C7E1E98}
		{D32E7E4A-B300-3185-9F8C-53D1E092C0C8} = {D32E7E4A-B300-3185-9F8C-53D1E092C0C8}
	EndProjectSection
EndProject
Project("{8BC9CEB8-8B4A-11D0-8D11-00A0C91BC942}") = "tube_sealer_native", "tube_sealer_native.vcxproj", "{45F78EE3-2154-3CF1-97D3-6F410D70A0E1}"
	ProjectSection(ProjectDependencies) = postProject
		{88DCB1A4-E045-398E-9CA3-697EBB8375CD} = {88DCB1A4-E045-398E-9CA3-697EBB8375CD}
	EndProjectSection
EndProject
Global
	GlobalSection(SolutionConfigurationPlatforms) = preSolution
		Debug|x64 = Debug|x64
		Release|x64 = Release|x64
		MinSizeRel|x64 = MinSizeRel|x64
		RelWithDebInfo|x64 = RelWithDebInfo|x64
	EndGlobalSection
	GlobalSection(ProjectConfigurationPlatforms) = postSolution
		{F13A559D-3C22-3684-8629-7BE203AA9ADD}.Debug|x64.ActiveCfg = Debug|x64
		{F13A559D-3C22-3684-8629-7BE203AA9ADD}.Debug|x64.Build.0 = Debug|x64
		{F13A559D-3C22-3684-8629-7BE203AA9ADD}.Release|x64.ActiveCfg = Release|x64
		{F13A559D-3C22-3684-8629-7BE203AA9ADD}.Release|x64.Build.0 = Release|x64
		{F13A559D-3C22-3684-8629-7BE203AA9ADD}.MinSizeRel|x64.ActiveCfg = MinSizeRel|x64
		{F13A559D-3C22-3684-8629-7BE203AA9ADD}.MinSizeRel|x64.Build.0 = MinSizeRel|x64
		{F13A559D-3C22-3684-8629-7BE203AA9ADD}.RelWithDebInfo|x64.ActiveCfg = RelWithDebInfo|x64
		{F13A559D-3C22-3684-8629-7BE203AA9ADD}.RelWithDebInfo|x64.Build.0 = RelWithDebInfo|x64
		{A99CA665-EE74-3F25-B041-65AE3BEC1A1A}.Debug|x64.ActiveCfg = Debug|x64
		{A99CA665-EE74-3F25-B041-65AE3BEC1A1A}.Release|x64.ActiveCfg = Release|x64
		{A99CA665-EE74-3F25-B041-65AE3BEC1A1A}.MinSizeRel|x64.ActiveCfg = MinSizeRel|x64
		{A99CA665-EE74-3F25-B041-65AE3BEC1A1A}.RelWithDebInfo|x64.ActiveCfg = RelWithDebInfo|x64
		{458310FD-903A-3992-83C6-988FC4A38CC8}.Debug|x64.ActiveCfg = Debug|x64
		{458310FD-903A-3992-83C6-988FC4A38CC8}.Release|x64.ActiveCfg = Release|x64
		{458310FD-903A-3992-83C6-988FC4A38CC8}.MinSizeRel|x64.ActiveCfg = MinSizeRel|x64
		{458310FD-903A-3992-83C6-988FC4A38CC8}.RelWithDebInfo|x64.ActiveCfg = RelWithDebInfo|x64
		{88DCB1A4-E045-398E-9CA3-697EBB8375CD}.Debug|x64.ActiveCfg = Debug|x64
		{88DCB1A4-E045-398E-9CA3-697EBB8375CD}.Debug|x64.Build.0 = Debug|x64
		{88DCB1A4-E045-398E-9CA3-697EBB8375CD}.Release|x64.ActiveCfg = Release|x64
		{88DCB1A4-E045-398E-9CA3-697EBB8375CD}.Release|x64.Build.0 = Release|x64
		{88DCB1A4-E045-398E-9CA3-697EBB8375CD}.MinSizeRel|x64.ActiveCfg = MinSizeRel|x64
		{88DCB1A4-E045-398E-9CA3-697EBB8375CD}.MinSizeRel|x64.Build.0 = MinSizeRel|x64
		{88DCB1A4-E045-398E-9CA3-697EBB8375CD}.RelWithDebInfo|x64.ActiveCfg = RelWithDebInfo|x64
		{88DCB1A4-E045-398E-9CA3-697EBB8375CD}.RelWithDebInfo|x64.Build.0 = RelWithDebInfo|x64
		{D668B0FB-6CB7-36B8-83FF-9762D9ECCEDB}.Debug|x64.ActiveCfg = Debug|x64
		{D668B0FB-6CB7-36B8-83FF-9762D9ECCEDB}.Debug|x64.Build.0 = Debug|x64
		{D668B0FB-6CB7-36B8-83FF-9762D9ECCEDB}.Release|x64.ActiveCfg = Release|x64
		{D668B0FB-6CB7-36B8-83FF-9762D9ECCEDB}.Release|x64.Build.0 = Release|x64
		{D668B0FB-6CB7-36B8-83FF-9762D9ECCEDB}.MinSizeRel|x64.ActiveCfg = MinSizeRel|x64
		{D668B0FB-6CB7-36B8-83FF-9762D9ECCEDB}.MinSizeRel|x64.Build.0 = MinSizeRel|x64
		{D668B0FB-6CB7-36B8-83FF-9762D9ECCEDB}.RelWithDebInfo|x64.ActiveCfg = RelWithDebInfo|x64
		{D668B0FB-6CB7-36B8-83FF-9762D9ECCEDB}.RelWithDebInfo|x64.Build.0 = RelWithDebInfo|x64
		{119ACCBC-3439-31C1-B898-7A6B20E6F53B}.Debug|x64.ActiveCfg = Debug|x64
		{119ACCBC-3439-31C1-B898-7A6B20E6F53B}.Debug|x64.Build.0 = Debug|x64
		{119ACCBC-3439-31C1-B898-7A6B20E6F53B}.Release|x64.ActiveCfg = Release|x64
		{119ACCBC-3439-31C1-B898-7A6B20E6F53B}.Release|x64.Build.0 = Release|x64
		{119ACCBC-3439-31C1-B898-7A6B20E6F53B}.MinSizeRel|x64.ActiveCfg = MinSizeRel|x64
		{119ACCBC-3439-31C1-B898-7A6B20E6F53B}.MinSizeRel|x64.Build.0 = MinSizeRel|x64
		{119ACCBC-3439-31C1-B898-7A6B20E6F53B}.RelWithDebInfo|x64.ActiveCfg = RelWithDebInfo|x64
		{119ACCBC-3439-31C1-B898-7A6B20E6F53B}.RelWithDebInfo|x64.Build.0 = RelWithDebInfo|x64
		{2136B69A-99D3-3329-903F-779BCDC5CB3A}.Debug|x64.ActiveCfg = Debug|x64
		{2136B69A-99D3-3329-903F-779BCDC5CB3A}.Debug|x64.Build.0 = Debug|x64
		{2136B69A-99D3-3329-903F-779BCDC5CB3A}.Release|x64.ActiveCfg = Release|x64
		{2136B69A-99D3-3329-903F-779BCDC5CB3A}.Release|x64.Build.0 = Release|x64
		{2136B69A-99D3-3329-903F-779BCDC5CB3A}.MinSizeRel|x64.ActiveCfg = MinSizeRel|x64
		{2136B69A-99D3-3329-903F-779BCDC5CB3A}.MinSizeRel|x64.Build.0 = MinSizeRel|x64
		{2136B69A-99D3-3329-903F-779BCDC5CB3A}.RelWithDebInfo|x64.ActiveCfg = RelWithDebInfo|x64
		{2136B69A-99D3-3329-903F-779BCDC5CB3A}.RelWithDebInfo|x64.Build.0 = RelWithDebInfo|x64
		{F1DB8658-70B9-3D1A-B5E6-B1BB0C7E1E98}.Debug|x64.ActiveCfg = Debug|x64
		{F1DB8658-70B9-3D1A-B5E6-B1BB0C7E1E98}.Debug|x64.Build.0 = Debug|x64
		{F1DB8658-70B9-3D1A-B5E6-B1BB0C7E1E98}.Release|x64.ActiveCfg = Release|x64
		{F1DB8658-70B9-3D1A-B5E6-B1BB0C7E1E98}.Release|x64.Build.0 = Release|x64
		{F1DB8658-70B9-3D1A-B5E6-B1BB0C7E1E98}.MinSizeRel|x64.ActiveCfg = MinSizeRel|x64
		{F1DB8658-70B9-3D1A-B5E6-B1BB0C7E1E98}.MinSizeRel|x64.Build.0 = MinSizeRel|x64
		{F1DB8658-70B9-3D1A-B5E6-B1BB0C7E1E98}.RelWithDebInfo|x64.ActiveCfg = RelWithDebInfo|x64
		{F1DB8658-70B9-3D1A-B5E6-B1BB0C7E1E98}.RelWithDebInfo|x64.Build.0 = RelWithDebInfo|x64
		{DBCC29AE-38D0-39DE-9FF6-860858F2134C}.Debug|x64.ActiveCfg = Debug|x64
		{DBCC29AE-38D0-39DE-9FF6-860858F2134C}.Debug|x64.Build.0 = Debug|x64
		{DBCC29AE-38D0-39DE-9FF6-860858F2134C}.Release|x64.ActiveCfg = Release|x64
		{DBCC29AE-38D0-39DE-9FF6-860858F2134C}.Release|x64.Build.0 = Release|x64
		{DBCC29AE-38D0-39DE-9FF6-860858F2134C}.MinSizeRel|x64.ActiveCfg = MinSizeRel|x64
		{DBCC29AE-38D0-39DE-9FF6-860858F2134C}.MinSizeRel|x64.Build.0 = MinSizeRel|x64
		{DBCC29AE-38D0-39DE-9FF6-860858F2134C}.RelWithDebInfo|x64.ActiveCfg = RelWithDebInfo|x64
		{DBCC29AE-38D0-39DE-9FF6-860858F2134C}.RelWithDebInfo|x64.Build.0 = RelWithDebInfo|x64
		{D32E7E4A-B300-3185-9F8C-53D1E092C0C8}.Debug|x64.ActiveCfg = Debug|x64
		{D32E7E4A-B300-3185-9F8C-53D1E092C0C8}.Debug|x64.Build.0 = Debug|x64
		{D32E7E4A-B300-3185-9F8C-53D1E092C0C8}.Release|x64.ActiveCfg = Release|x64
		{D32E7E4A-B300-3185-9F8C-53D1E092C0C8}.Release|x64.Build.0 = Release|x64
		{D32E7E4A-B300-3185-9F8C-53D1E092C0C8}.MinSizeRel|x64.ActiveCfg = MinSizeRel|x64
		{D32E7E4A-B300-3185-9F8C-53D1E092C0C8}.MinSizeRel|x64.Build.0 = MinSizeRel|x64
		{D32E7E4A-B300-3185-9F8C-53D1E092C0C8}.RelWithDebInfo|x64.ActiveCfg = RelWithDebInfo|x64
		{D32E7E4A-B300-3185-9F8C-53D1E092C0C8}.RelWithDebInfo|x64.Build.0 = RelWithDebInfo|x64
		{3F7CEA56-1016-379D-8F7D-9DAAF37C355A}.Debug|x64.ActiveCfg = Debug|x64
		{3F7CEA56-1016-379D-8F7D-9DAAF37C355A}.Debug|x64.Build.0 = Debug|x64
		{3F7CEA56-1016-379D-8F7D-9DAAF37C355A}.Release|x64.ActiveCfg = Release|x64
		{3F7CEA56-1016-379D-8F7D-9DAAF37C355A}.Release|x64.Build.0 = Release|x64
		{3F7CEA56-1016-379D-8F7D-9DAAF37C355A}.MinSizeRel|x64.ActiveCfg = MinSizeRel|x64
		{3F7CEA56-1016-379D-8F7D-9DAAF37C355A}.MinSizeRel|x64.Build.0 = MinSizeRel|x64
		{3F7CEA56-1016-379D-8F7D-9DAAF37C355A}.RelWithDebInfo|x64.ActiveCfg = RelWithDebInfo|x64
		{3F7CEA56-1016-379D-8F7D-9DAAF37C355A}.RelWithDebInfo|x64.Build.0 = RelWithDebInfo|x64
		{45F78EE3-2154-3CF1-97D3-6F410D70A0E1}.Debug|x64.ActiveCfg = Debug|x64
		{45F78EE3-2154-3CF1-97D3-6F410D70A0E1}.Debug|x64.Build.0 = Debug|x64
		{45F78EE3-2154-3CF1-97D3-6F410D70A0E1}.Release|x64.ActiveCfg = Release|x64
		{45F78EE3-2154-3CF1-97D3-6F410D70A0E1}.Release|x64.Build.0 = Release|x64
		{45F78EE3-2154-3CF1-97D3-6F410D70A0E1}.MinSizeRel|x64.ActiveCfg = MinSizeRel|x64
		{45F78EE3-2154-3CF1-97D3-6F410D70A0E1}.MinSizeRel|x64.Build.0 = MinSizeRel|x64
		{45F78EE3-2154-3CF1-97D3-6F410D70A0E1}.RelWithDebInfo|x64.ActiveCfg = RelWithDebInfo|x64
		{45F78EE3-2154-3CF1-97D3-6F410D70A0E1}.RelWithDebInfo|x64.Build.0 = RelWithDebInfo|x64
	EndGlobalSection
	GlobalSection(ExtensibilityGlobals) = postSolution
		SolutionGuid = {2620EC6D-F03B-35AF-81BD-6A5BFBB76182}
	EndGlobalSection
	GlobalSection(ExtensibilityAddIns) = postSolution
	EndGlobalSection
EndGlobal
